// !$*UTF8*$!
{
	archiveVersion = 1;
	classes = {
	};
	objectVersion = 46;
	objects = {

/* Begin PBXBuildFile section */
		8DC8313B1CE22D58005498F1 /* main.m in Sources */ = {isa = PBXBuildFile; fileRef = 8DC8313A1CE22D58005498F1 /* main.m */; };
		8DC8313E1CE22D58005498F1 /* AppDelegate.m in Sources */ = {isa = PBXBuildFile; fileRef = 8DC8313D1CE22D58005498F1 /* AppDelegate.m */; };
		8DC831411CE22D58005498F1 /* ViewController.m in Sources */ = {isa = PBXBuildFile; fileRef = 8DC831401CE22D58005498F1 /* ViewController.m */; };
		8DC831441CE22D58005498F1 /* Main.storyboard in Resources */ = {isa = PBXBuildFile; fileRef = 8DC831421CE22D58005498F1 /* Main.storyboard */; };
		8DC831461CE22D58005498F1 /* Images.xcassets in Resources */ = {isa = PBXBuildFile; fileRef = 8DC831451CE22D58005498F1 /* Images.xcassets */; };
		8DC831491CE22D58005498F1 /* LaunchScreen.xib in Resources */ = {isa = PBXBuildFile; fileRef = 8DC831471CE22D58005498F1 /* LaunchScreen.xib */; };
		8DC831551CE22D58005498F1 /* WebViewTestTests.m in Sources */ = {isa = PBXBuildFile; fileRef = 8DC831541CE22D58005498F1 /* WebViewTestTests.m */; };
/* End PBXBuildFile section */

/* Begin PBXContainerItemProxy section */
		8DC8314F1CE22D58005498F1 /* PBXContainerItemProxy */ = {
			isa = PBXContainerItemProxy;
			containerPortal = 8DC8312D1CE22D58005498F1 /* Project object */;
			proxyType = 1;
			remoteGlobalIDString = 8DC831341CE22D58005498F1;
			remoteInfo = WebViewTest;
		};
/* End PBXContainerItemProxy section */

/* Begin PBXFileReference section */
		8DC831351CE22D58005498F1 /* WebViewTest.app */ = {isa = PBXFileReference; explicitFileType = wrapper.application; includeInIndex = 0; path = WebViewTest.app; sourceTree = BUILT_PRODUCTS_DIR; };
		8DC831391CE22D58005498F1 /* Info.plist */ = {isa = PBXFileReference; lastKnownFileType = text.plist.xml; path = Info.plist; sourceTree = "<group>"; };
		8DC8313A1CE22D58005498F1 /* main.m */ = {isa = PBXFileReference; lastKnownFileType = sourcecode.c.objc; path = main.m; sourceTree = "<group>"; };
		8DC8313C1CE22D58005498F1 /* AppDelegate.h */ = {isa = PBXFileReference; lastKnownFileType = sourcecode.c.h; path = AppDelegate.h; sourceTree = "<group>"; };
		8DC8313D1CE22D58005498F1 /* AppDelegate.m */ = {isa = PBXFileReference; lastKnownFileType = sourcecode.c.objc; path = AppDelegate.m; sourceTree = "<group>"; };
		8DC8313F1CE22D58005498F1 /* ViewController.h */ = {isa = PBXFileReference; lastKnownFileType = sourcecode.c.h; path = ViewController.h; sourceTree = "<group>"; };
		8DC831401CE22D58005498F1 /* ViewController.m */ = {isa = PBXFileReference; lastKnownFileType = sourcecode.c.objc; path = ViewController.m; sourceTree = "<group>"; };
		8DC831431CE22D58005498F1 /* Base */ = {isa = PBXFileReference; lastKnownFileType = file.storyboard; name = Base; path = Base.lproj/Main.storyboard; sourceTree = "<group>"; };
		8DC831451CE22D58005498F1 /* Images.xcassets */ = {isa = PBXFileReference; lastKnownFileType = folder.assetcatalog; path = Images.xcassets; sourceTree = "<group>"; };
		8DC831481CE22D58005498F1 /* Base */ = {isa = PBXFileReference; lastKnownFileType = file.xib; name = Base; path = Base.lproj/LaunchScreen.xib; sourceTree = "<group>"; };
		8DC8314E1CE22D58005498F1 /* WebViewTestTests.xctest */ = {isa = PBXFileReference; explicitFileType = wrapper.cfbundle; includeInIndex = 0; path = WebViewTestTests.xctest; sourceTree = BUILT_PRODUCTS_DIR; };
		8DC831531CE22D58005498F1 /* Info.plist */ = {isa = PBXFileReference; lastKnownFileType = text.plist.xml; path = Info.plist; sourceTree = "<group>"; };
		8DC831541CE22D58005498F1 /* WebViewTestTests.m */ = {isa = PBXFileReference; lastKnownFileType = sourcecode.c.objc; path = WebViewTestTests.m; sourceTree = "<group>"; };
/* End PBXFileReference section */

/* Begin PBXFrameworksBuildPhase section */
		8DC831321CE22D58005498F1 /* Frameworks */ = {
			isa = PBXFrameworksBuildPhase;
			buildActionMask = 2147483647;
			files = (
			);
			runOnlyForDeploymentPostprocessing = 0;
		};
		8DC8314B1CE22D58005498F1 /* Frameworks */ = {
			isa = PBXFrameworksBuildPhase;
			buildActionMask = 2147483647;
			files = (
			);
			runOnlyForDeploymentPostprocessing = 0;
		};
/* End PBXFrameworksBuildPhase section */

/* Begin PBXGroup section */
		8DC8312C1CE22D58005498F1 = {
			isa = PBXGroup;
			children = (
				8DC831371CE22D58005498F1 /* WebViewTest */,
				8DC831511CE22D58005498F1 /* WebViewTestTests */,
				8DC831361CE22D58005498F1 /* Products */,
			);
			sourceTree = "<group>";
		};
		8DC831361CE22D58005498F1 /* Products */ = {
			isa = PBXGroup;
			children = (
				8DC831351CE22D58005498F1 /* WebViewTest.app */,
				8DC8314E1CE22D58005498F1 /* WebViewTestTests.xctest */,
			);
			name = Products;
			sourceTree = "<group>";
		};
		8DC831371CE22D58005498F1 /* WebViewTest */ = {
			isa = PBXGroup;
			children = (
				8DC8313C1CE22D58005498F1 /* AppDelegate.h */,
				8DC8313D1CE22D58005498F1 /* AppDelegate.m */,
				8DC8313F1CE22D58005498F1 /* ViewController.h */,
				8DC831401CE22D58005498F1 /* ViewController.m */,
				8DC831421CE22D58005498F1 /* Main.storyboard */,
				8DC831451CE22D58005498F1 /* Images.xcassets */,
				8DC831471CE22D58005498F1 /* LaunchScreen.xib */,
				8DC831381CE22D58005498F1 /* Supporting Files */,
			);
			path = WebViewTest;
			sourceTree = "<group>";
		};
		8DC831381CE22D58005498F1 /* Supporting Files */ = {
			isa = PBXGroup;
			children = (
				8DC831391CE22D58005498F1 /* Info.plist */,
				8DC8313A1CE22D58005498F1 /* main.m */,
			);
			name = "Supporting Files";
			sourceTree = "<group>";
		};
		8DC831511CE22D58005498F1 /* WebViewTestTests */ = {
			isa = PBXGroup;
			children = (
				8DC831541CE22D58005498F1 /* WebViewTestTests.m */,
				8DC831521CE22D58005498F1 /* Supporting Files */,
			);
			path = WebViewTestTests;
			sourceTree = "<group>";
		};
		8DC831521CE22D58005498F1 /* Supporting Files */ = {
			isa = PBXGroup;
			children = (
				8DC831531CE22D58005498F1 /* Info.plist */,
			);
			name = "Supporting Files";
			sourceTree = "<group>";
		};
/* End PBXGroup section */

/* Begin PBXNativeTarget section */
		8DC831341CE22D58005498F1 /* WebViewTest */ = {
			isa = PBXNativeTarget;
			buildConfigurationList = 8DC831581CE22D58005498F1 /* Build configuration list for PBXNativeTarget "WebViewTest" */;
			buildPhases = (
				8DC831311CE22D58005498F1 /* Sources */,
				8DC831321CE22D58005498F1 /* Frameworks */,
				8DC831331CE22D58005498F1 /* Resources */,
			);
			buildRules = (
			);
			dependencies = (
			);
			name = WebViewTest;
			productName = WebViewTest;
			productReference = 8DC831351CE22D58005498F1 /* WebViewTest.app */;
			productType = "com.apple.product-type.application";
		};
		8DC8314D1CE22D58005498F1 /* WebViewTestTests */ = {
			isa = PBXNativeTarget;
			buildConfigurationList = 8DC8315B1CE22D58005498F1 /* Build configuration list for PBXNativeTarget "WebViewTestTests" */;
			buildPhases = (
				8DC8314A1CE22D58005498F1 /* Sources */,
				8DC8314B1CE22D58005498F1 /* Frameworks */,
				8DC8314C1CE22D58005498F1 /* Resources */,
			);
			buildRules = (
			);
			dependencies = (
				8DC831501CE22D58005498F1 /* PBXTargetDependency */,
			);
			name = WebViewTestTests;
			productName = WebViewTestTests;
			productReference = 8DC8314E1CE22D58005498F1 /* WebViewTestTests.xctest */;
			productType = "com.apple.product-type.bundle.unit-test";
		};
/* End PBXNativeTarget section */

/* Begin PBXProject section */
		8DC8312D1CE22D58005498F1 /* Project object */ = {
			isa = PBXProject;
			attributes = {
				LastUpgradeCheck = 0620;
				ORGANIZATIONNAME = sublio;
				TargetAttributes = {
					8DC831341CE22D58005498F1 = {
						CreatedOnToolsVersion = 6.2;
					};
					8DC8314D1CE22D58005498F1 = {
						CreatedOnToolsVersion = 6.2;
						TestTargetID = 8DC831341CE22D58005498F1;
					};
				};
			};
			buildConfigurationList = 8DC831301CE22D58005498F1 /* Build configuration list for PBXProject "WebViewTest" */;
			compatibilityVersion = "Xcode 3.2";
			developmentRegion = English;
			hasScannedForEncodings = 0;
			knownRegions = (
				en,
				Base,
			);
			mainGroup = 8DC8312C1CE22D58005498F1;
			productRefGroup = 8DC831361CE22D58005498F1 /* Products */;
			projectDirPath = "";
			projectRoot = "";
			targets = (
				8DC831341CE22D58005498F1 /* WebViewTest */,
				8DC8314D1CE22D58005498F1 /* WebViewTestTests */,
			);
		};
/* End PBXProject section */

/* Begin PBXResourcesBuildPhase section */
		8DC831331CE22D58005498F1 /* Resources */ = {
			isa = PBXResourcesBuildPhase;
			buildActionMask = 2147483647;
			files = (
				8DC831441CE22D58005498F1 /* Main.storyboard in Resources */,
				8DC831491CE22D58005498F1 /* LaunchScreen.xib in Resources */,
				8DC831461CE22D58005498F1 /* Images.xcassets in Resources */,
			);
			runOnlyForDeploymentPostprocessing = 0;
		};
		8DC8314C1CE22D58005498F1 /* Resources */ = {
			isa = PBXResourcesBuildPhase;
			buildActionMask = 2147483647;
			files = (
			);
			runOnlyForDeploymentPostprocessing = 0;
		};
/* End PBXResourcesBuildPhase section */

/* Begin PBXSourcesBuildPhase section */
		8DC831311CE22D58005498F1 /* Sources */ = {
			isa = PBXSourcesBuildPhase;
			buildActionMask = 2147483647;
			files = (
				8DC831411CE22D58005498F1 /* ViewController.m in Sources */,
				8DC8313E1CE22D58005498F1 /* AppDelegate.m in Sources */,
				8DC8313B1CE22D58005498F1 /* main.m in Sources */,
			);
			runOnlyForDeploymentPostprocessing = 0;
		};
		8DC8314A1CE22D58005498F1 /* Sources */ = {
			isa = PBXSourcesBuildPhase;
			buildActionMask = 2147483647;
			files = (
				8DC831551CE22D58005498F1 /* WebViewTestTests.m in Sources */,
			);
			runOnlyForDeploymentPostprocessing = 0;
		};
/* End PBXSourcesBuildPhase section */

/* Begin PBXTargetDependency section */
		8DC831501CE22D58005498F1 /* PBXTargetDependency */ = {
			isa = PBXTargetDependency;
			target = 8DC831341CE22D58005498F1 /* WebViewTest */;
			targetProxy = 8DC8314F1CE22D58005498F1 /* PBXContainerItemProxy */;
		};
/* End PBXTargetDependency section */

/* Begin PBXVariantGroup section */
		8DC831421CE22D58005498F1 /* Main.storyboard */ = {
			isa = PBXVariantGroup;
			children = (
				8DC831431CE22D58005498F1 /* Base */,
			);
			name = Main.storyboard;
			sourceTree = "<group>";
		};
		8DC831471CE22D58005498F1 /* LaunchScreen.xib */ = {
			isa = PBXVariantGroup;
			children = (
				8DC831481CE22D58005498F1 /* Base */,
			);
			name = LaunchScreen.xib;
			sourceTree = "<group>";
		};
/* End PBXVariantGroup section */

/* Begin XCBuildConfiguration section */
		8DC831561CE22D58005498F1 /* Debug */ = {
			isa = XCBuildConfiguration;
			buildSettings = {
				ALWAYS_SEARCH_USER_PATHS = NO;
				CLANG_CXX_LANGUAGE_STANDARD = "gnu++0x";
				CLANG_CXX_LIBRARY = "libc++";
				CLANG_ENABLE_MODULES = YES;
				CLANG_ENABLE_OBJC_ARC = YES;
				CLANG_WARN_BOOL_CONVERSION = YES;
				CLANG_WARN_CONSTANT_CONVERSION = YES;
				CLANG_WARN_DIRECT_OBJC_ISA_USAGE = YES_ERROR;
				CLANG_WARN_EMPTY_BODY = YES;
				CLANG_WARN_ENUM_CONVERSION = YES;
				CLANG_WARN_INT_CONVERSION = YES;
				CLANG_WARN_OBJC_ROOT_CLASS = YES_ERROR;
				CLANG_WARN_UNREACHABLE_CODE = YES;
				CLANG_WARN__DUPLICATE_METHOD_MATCH = YES;
				"CODE_SIGN_IDENTITY[sdk=iphoneos*]" = "iPhone Developer";
				COPY_PHASE_STRIP = NO;
				ENABLE_STRICT_OBJC_MSGSEND = YES;
				GCC_C_LANGUAGE_STANDARD = gnu99;
				GCC_DYNAMIC_NO_PIC = NO;
				GCC_OPTIMIZATION_LEVEL = 0;
				GCC_PREPROCESSOR_DEFINITIONS = (
					"DEBUG=1",
					"$(inherited)",
				);
				GCC_SYMBOLS_PRIVATE_EXTERN = NO;
				GCC_WARN_64_TO_32_BIT_CONVERSION = YES;
				GCC_WARN_ABOUT_RETURN_TYPE = YES_ERROR;
				GCC_WARN_UNDECLARED_SELECTOR = YES;
				GCC_WARN_UNINITIALIZED_AUTOS = YES_AGGRESSIVE;
				GCC_WARN_UNUSED_FUNCTION = YES;
				GCC_WARN_UNUSED_VARIABLE = YES;
				IPHONEOS_DEPLOYMENT_TARGET = 8.2;
				MTL_ENABLE_DEBUG_INFO = YES;
				ONLY_ACTIVE_ARCH = YES;
				SDKROOT = iphoneos;
				TARGETED_DEVICE_FAMILY = 2;
			};
			name = Debug;
		};
		8DC831571CE22D58005498F1 /* Release */ = {
			isa = XCBuildConfiguration;
			buildSettings = {
				ALWAYS_SEARCH_USER_PATHS = NO;
				CLANG_CXX_LANGUAGE_STANDARD = "gnu++0x";
				CLANG_CXX_LIBRARY = "libc++";
				CLANG_ENABLE_MODULES = YES;
				CLANG_ENABLE_OBJC_ARC = YES;
				CLANG_WARN_BOOL_CONVERSION = YES;
				CLANG_WARN_CONSTANT_CONVERSION = YES;
				CLANG_WARN_DIRECT_OBJC_ISA_USAGE = YES_ERROR;
				CLANG_WARN_EMPTY_BODY = YES;
				CLANG_WARN_ENUM_CONVERSION = YES;
				CLANG_WARN_INT_CONVERSION = YES;
				CLANG_WARN_OBJC_ROOT_CLASS = YES_ERROR;
				CLANG_WARN_UNREACHABLE_CODE = YES;
				CLANG_WARN__DUPLICATE_METHOD_MATCH = YES;
				"CODE_SIGN_IDENTITY[sdk=iphoneos*]" = "iPhone Developer";
				COPY_PHASE_STRIP = NO;
				ENABLE_NS_ASSERTIONS = NO;
				ENABLE_STRICT_OBJC_MSGSEND = YES;
				GCC_C_LANGUAGE_STANDARD = gnu99;
				GCC_WARN_64_TO_32_BIT_CONVERSION = YES;
				GCC_WARN_ABOUT_RETURN_TYPE = YES_ERROR;
				GCC_WARN_UNDECLARED_SELECTOR = YES;
				GCC_WARN_UNINITIALIZED_AUTOS = YES_AGGRESSIVE;
				GCC_WARN_UNUSED_FUNCTION = YES;
				GCC_WARN_UNUSED_VARIABLE = YES;
				IPHONEOS_DEPLOYMENT_TARGET = 8.2;
				MTL_ENABLE_DEBUG_INFO = NO;
				SDKROOT = iphoneos;
				TARGETED_DEVICE_FAMILY = 2;
				VALIDATE_PRODUCT = YES;
			};
			name = Release;
		};
		8DC831591CE22D58005498F1 /* Debug */ = {
			isa = XCBuildConfiguration;
			buildSettings = {
				ASSETCATALOG_COMPILER_APPICON_NAME = AppIcon;
				DEVELOPMENT_TEAM = "";
				INFOPLIST_FILE = WebViewTest/Info.plist;
				LD_RUNPATH_SEARCH_PATHS = "$(inherited) @executable_path/Frameworks";
				PRODUCT_NAME = "$(TARGET_NAME)";
				TARGETED_DEVICE_FAMILY = "1,2";
			};
			name = Debug;
		};
		8DC8315A1CE22D58005498F1 /* Release */ = {
			isa = XCBuildConfiguration;
			buildSettings = {
				ASSETCATALOG_COMPILER_APPICON_NAME = AppIcon;
				DEVELOPMENT_TEAM = "";
				INFOPLIST_FILE = WebViewTest/Info.plist;
				LD_RUNPATH_SEARCH_PATHS = "$(inherited) @executable_path/Frameworks";
				PRODUCT_NAME = "$(TARGET_NAME)";
				TARGETED_DEVICE_FAMILY = "1,2";
			};
			name = Release;
		};
		8DC8315C1CE22D58005498F1 /* Debug */ = {
			isa = XCBuildConfiguration;
			buildSettings = {
				BUNDLE_LOADER = "$(TEST_HOST)";
				FRAMEWORK_SEARCH_PATHS = (
					"$(SDKROOT)/Developer/Library/Frameworks",
					"$(inherited)",
				);
				GCC_PREPROCESSOR_DEFINITIONS = (
					"DEBUG=1",
					"$(inherited)",
				);
				INFOPLIST_FILE = WebViewTestTests/Info.plist;
				LD_RUNPATH_SEARCH_PATHS = "$(inherited) @executable_path/Frameworks @loader_path/Frameworks";
				PRODUCT_NAME = "$(TARGET_NAME)";
				TEST_HOST = "$(BUILT_PRODUCTS_DIR)/WebViewTest.app/WebViewTest";
			};
			name = Debug;
		};
		8DC8315D1CE22D58005498F1 /* Release */ = {
			isa = XCBuildConfiguration;
			buildSettings = {
				BUNDLE_LOADER = "$(TEST_HOST)";
				FRAMEWORK_SEARCH_PATHS = (
					"$(SDKROOT)/Developer/Library/Frameworks",
					"$(inherited)",
				);
				INFOPLIST_FILE = WebViewTestTests/Info.plist;
				LD_RUNPATH_SEARCH_PATHS = "$(inherited) @executable_path/Frameworks @loader_path/Frameworks";
				PRODUCT_NAME = "$(TARGET_NAME)";
				TEST_HOST = "$(BUILT_PRODUCTS_DIR)/WebViewTest.app/WebViewTest";
			};
			name = Release;
		};
/* End XCBuildConfiguration section */

/* Begin XCConfigurationList section */
		8DC831301CE22D58005498F1 /* Build configuration list for PBXProject "WebViewTest" */ = {
			isa = XCConfigurationList;
			buildConfigurations = (
				8DC831561CE22D58005498F1 /* Debug */,
				8DC831571CE22D58005498F1 /* Release */,
			);
			defaultConfigurationIsVisible = 0;
			defaultConfigurationName = Release;
		};
		8DC831581CE22D58005498F1 /* Build configuration list for PBXNativeTarget "WebViewTest" */ = {
			isa = XCConfigurationList;
			buildConfigurations = (
				8DC831591CE22D58005498F1 /* Debug */,
				8DC8315A1CE22D58005498F1 /* Release */,
			);
			defaultConfigurationIsVisible = 0;
			defaultConfigurationName = Release;
		};
		8DC8315B1CE22D58005498F1 /* Build configuration list for PBXNativeTarget "WebViewTestTests" */ = {
			isa = XCConfigurationList;
			buildConfigurations = (
				8DC8315C1CE22D58005498F1 /* Debug */,
				8DC8315D1CE22D58005498F1 /* Release */,
			);
			defaultConfigurationIsVisible = 0;
			defaultConfigurationName = Release;
		};
/* End XCConfigurationList section */
	};
	rootObject = 8DC8312D1CE22D58005498F1 /* Project object */;
}
